
Microsoft Visual Studio Solution File, Format Version 12.00
# Visual Studio Version 16
VisualStudioVersion = 16.0.30503.244
MinimumVisualStudioVersion = 10.0.40219.1
Project("{FAE04EC0-301F-11D3-BF4B-00C04F79EFBC}") = "Pulsacione", "Pulsacione\Pulsacione.csproj", "{61BD9700-D8D4-48B9-8405-0AABFE22BE00}"
EndProject
Global
	GlobalSection(SolutionConfigurationPlatforms) = preSolution
		Debug|Any CPU = Debug|Any CPU
		Release|Any CPU = Release|Any CPU
	EndGlobalSection
	GlobalSection(ProjectConfigurationPlatforms) = postSolution
		{61BD9700-D8D4-48B9-8405-0AABFE22BE00}.Debug|Any CPU.ActiveCfg = Debug|Any CPU
		{61BD9700-D8D4-48B9-8405-0AABFE22BE00}.Debug|Any CPU.Build.0 = Debug|Any CPU
		{61BD9700-D8D4-48B9-8405-0AABFE22BE00}.Release|Any CPU.ActiveCfg = Release|Any CPU
		{61BD9700-D8D4-48B9-8405-0AABFE22BE00}.Release|Any CPU.Build.0 = Release|Any CPU
	EndGlobalSection
	GlobalSection(SolutionProperties) = preSolution
		HideSolutionNode = FALSE
	EndGlobalSection
	GlobalSection(ExtensibilityGlobals) = postSolution
		SolutionGuid = {D4FFB5A8-FD8F-4D63-AB14-3CC64D1DDA3C}
	EndGlobalSection
EndGlobal
